{
  "name": "com.example.gravatar",
  "version": "0.0.1",
  "lockfileVersion": 1,
  "requires": true,
  "dependencies": {
    "@remote-ui/async-subscription": {
      "version": "2.1.5",
      "resolved": "https://artifactory-content.stripe.build/artifactory/api/npm/npm/@remote-ui/async-subscription/-/async-subscription-2.1.5.tgz",
      "integrity": "sha512-+CS+MpEaThl9rzZphNNZ174oG8B+KWEYBWv6DFkFCsm1XqtTfm5Ps0IdNL+Y9lkobiHQWqMMTT+ze/QTwCRjXQ==",
      "requires": {
        "@remote-ui/rpc": "^1.2.4"
      }
    },
    "@remote-ui/core": {
      "version": "2.1.5",
      "resolved": "https://artifactory-content.stripe.build/artifactory/api/npm/npm/@remote-ui/core/-/core-2.1.5.tgz",
      "integrity": "sha512-AeQobFdPTPKrT+CYXTcaBCGRJMBZtv77AKoWJ+Mw8cVU1v4c75T3gI2jOjUMqymqmWG/3A0f4JTcGaJ48j6tLg==",
      "requires": {
        "@remote-ui/rpc": "^1.2.4",
        "@remote-ui/types": "^1.1.0"
      }
    },
    "@remote-ui/react": {
      "version": "4.2.1",
      "resolved": "https://artifactory-content.stripe.build/artifactory/api/npm/npm/@remote-ui/react/-/react-4.2.1.tgz",
      "integrity": "sha512-LWIbsXAbPqM1v0qrtKyr7vfyYs4V4TXjy9J8uK5rpMBfPCDbnlG6hwhhICj1JAsA9uKaQUR9ISgofkoj149S9A==",
      "requires": {
        "@remote-ui/async-subscription": "^2.1.5",
        "@remote-ui/core": "^2.1.5",
        "@remote-ui/rpc": "^1.2.4",
        "@remote-ui/web-workers": "^1.5.6",
        "@types/react": ">=17.0.0 <18.0.0",
        "@types/react-reconciler": "^0.26.0",
        "react-reconciler": ">=0.26.0 <1.0.0"
      }
    },
    "@remote-ui/rpc": {
      "version": "1.2.4",
      "resolved": "https://artifactory-content.stripe.build/artifactory/api/npm/npm/@remote-ui/rpc/-/rpc-1.2.4.tgz",
      "integrity": "sha512-QGLvQy5voP9WmK0JQcRCTRXcBEC+b6SryZF5+j44xoUuXPYmLway++HuWpLPZ8f9hlpWRy6jxmcXMpSwOpdeJA=="
    },
    "@remote-ui/types": {
      "version": "1.1.0",
      "resolved": "https://artifactory-content.stripe.build/artifactory/api/npm/npm/@remote-ui/types/-/types-1.1.0.tgz",
      "integrity": "sha512-CN+2J90Y0LenLWc0MCamI7QgWHqsYRcNx6mEU0clbDFvCkMw316TxCXm1HdqbtEz3zgxCms6/VYz2LgGADTMZg=="
    },
    "@remote-ui/web-workers": {
      "version": "1.5.6",
      "resolved": "https://artifactory-content.stripe.build/artifactory/api/npm/npm/@remote-ui/web-workers/-/web-workers-1.5.6.tgz",
      "integrity": "sha512-7QFBwWekOUZ196N93hv1V+OMW1NR8SEhOnFsXjIOq/oQFkWOoQjRm+QxZWJIlvQIKqKNV2i/kC3553pRPUOteQ==",
      "requires": {
        "@remote-ui/rpc": "^1.2.4"
      }
    },
    "@stripe-internal/extensions-sail": {
      "version": "0.0.7",
      "requires": {
        "@remote-ui/react": "^4.1.0"
      }
    },
    "@types/node": {
      "version": "12.20.24",
      "resolved": "https://artifactory-content.stripe.build/artifactory/api/npm/npm/@types/node/-/node-12.20.24.tgz",
      "integrity": "sha512-yxDeaQIAJlMav7fH5AQqPH1u8YIuhYJXYBzxaQ4PifsU0GDO38MSdmEDeRlIxrKbC6NbEaaEHDanWb+y30U8SQ=="
    },
    "@types/prop-types": {
      "version": "15.7.4",
      "resolved": "https://artifactory-content.stripe.build/artifactory/api/npm/npm/@types/prop-types/-/prop-types-15.7.4.tgz",
      "integrity": "sha512-rZ5drC/jWjrArrS8BR6SIr4cWpW09RNTYt9AMZo3Jwwif+iacXAqgVjm0B0Bv/S1jhDXKHqRVNCbACkJ89RAnQ=="
    },
    "@types/react": {
      "version": "17.0.20",
      "resolved": "https://artifactory-content.stripe.build/artifactory/api/npm/npm/@types/react/-/react-17.0.20.tgz",
      "integrity": "sha512-wWZrPlihslrPpcKyCSlmIlruakxr57/buQN1RjlIeaaTWDLtJkTtRW429MoQJergvVKc4IWBpRhWw7YNh/7GVA==",
      "requires": {
        "@types/prop-types": "*",
        "@types/scheduler": "*",
        "csstype": "^3.0.2"
      }
    },
    "@types/react-reconciler": {
      "version": "0.26.3",
      "resolved": "https://artifactory-content.stripe.build/artifactory/api/npm/npm/@types/react-reconciler/-/react-reconciler-0.26.3.tgz",
      "integrity": "sha512-9U6oMpB9pzurW4oqqLVVArPa8OcfnYZV56/O5ktsyxhJc79ijmJjoa5r5JuElRKWCVHM5xW7rIDXf/7AzVp1ow==",
      "requires": {
        "@types/react": "*"
      }
    },
    "@types/scheduler": {
      "version": "0.16.2",
      "resolved": "https://artifactory-content.stripe.build/artifactory/api/npm/npm/@types/scheduler/-/scheduler-0.16.2.tgz",
      "integrity": "sha512-hppQEBDmlwhFAXKJX2KnWLYu5yMfi91yazPb2l+lbJiwW+wdo1gNeRA+3RgNSO39WYX2euey41KEwnqesU2Jew=="
    },
    "blueimp-md5": {
      "version": "2.18.0",
      "resolved": "https://artifactory-content.stripe.build/artifactory/api/npm/npm/blueimp-md5/-/blueimp-md5-2.18.0.tgz",
      "integrity": "sha512-vE52okJvzsVWhcgUHOv+69OG3Mdg151xyn41aVQN/5W5S+S43qZhxECtYLAEHMSFWX6Mv5IZrzj3T5+JqXfj5Q=="
    },
    "call-bind": {
      "version": "1.0.2",
      "resolved": "https://artifactory-content.stripe.build/artifactory/api/npm/npm/call-bind/-/call-bind-1.0.2.tgz",
      "integrity": "sha512-7O+FbCihrB5WGbFYesctwmTKae6rOiIzmz1icreWJ+0aA7LJfuqhEso2T9ncpcFtzMQtzXf2QGGueWJGTYsqrA==",
      "requires": {
        "function-bind": "^1.1.1",
        "get-intrinsic": "^1.0.2"
      }
    },
    "csstype": {
      "version": "3.0.8",
      "resolved": "https://artifactory-content.stripe.build/artifactory/api/npm/npm/csstype/-/csstype-3.0.8.tgz",
      "integrity": "sha512-jXKhWqXPmlUeoQnF/EhTtTl4C9SnrxSH/jZUih3jmO6lBKr99rP3/+FmrMj4EFpOXzMtXHAZkd3x0E6h6Fgflw=="
    },
    "function-bind": {
      "version": "1.1.1",
      "resolved": "https://artifactory-content.stripe.build/artifactory/api/npm/npm/function-bind/-/function-bind-1.1.1.tgz",
      "integrity": "sha512-yIovAzMX49sF8Yl58fSCWJ5svSLuaibPxXQJFLmBObTuCr0Mf1KiPopGM9NiFjiYBCbfaa2Fh6breQ6ANVTI0A=="
    },
    "get-intrinsic": {
      "version": "1.1.1",
      "resolved": "https://artifactory-content.stripe.build/artifactory/api/npm/npm/get-intrinsic/-/get-intrinsic-1.1.1.tgz",
      "integrity": "sha512-kWZrnVM42QCiEA2Ig1bG8zjoIMOgxWwYCEeNdwY6Tv/cOSeGpcoX4pXHfKUxNKVoArnrEr2e9srnAxxGIraS9Q==",
      "requires": {
        "function-bind": "^1.1.1",
        "has": "^1.0.3",
        "has-symbols": "^1.0.1"
      }
    },
    "gravatar-api": {
      "version": "1.5.0",
      "resolved": "https://artifactory-content.stripe.build/artifactory/api/npm/npm/gravatar-api/-/gravatar-api-1.5.0.tgz",
      "integrity": "sha1-n6RTCfr1Q2i5b4ywOpJ0E1lH9j8=",
      "requires": {
        "blueimp-md5": "^2.3.0",
        "lodash": "^4.6.1",
        "querystring": "0.2.0"
      }
    },
    "has": {
      "version": "1.0.3",
      "resolved": "https://artifactory-content.stripe.build/artifactory/api/npm/npm/has/-/has-1.0.3.tgz",
      "integrity": "sha512-f2dvO0VU6Oej7RkWJGrehjbzMAjFp5/VKPp5tTpWIV4JHHZK1/BxbFRtf/siA2SWTe09caDmVtYYzWEIbBS4zw==",
      "requires": {
        "function-bind": "^1.1.1"
      }
    },
    "has-symbols": {
      "version": "1.0.2",
      "resolved": "https://artifactory-content.stripe.build/artifactory/api/npm/npm/has-symbols/-/has-symbols-1.0.2.tgz",
      "integrity": "sha512-chXa79rL/UC2KlX17jo3vRGz0azaWEx5tGqZg5pO3NUyEJVB17dMruQlzCCOfUvElghKcm5194+BCRvi2Rv/Gw=="
    },
    "js-tokens": {
      "version": "4.0.0",
      "resolved": "https://artifactory-content.stripe.build/artifactory/api/npm/npm/js-tokens/-/js-tokens-4.0.0.tgz",
      "integrity": "sha512-RdJUflcE3cUzKiMqQgsCu06FPu9UdIJO0beYbPhHN4k6apgJtifcoCtT9bcxOpYBtpD2kCM6Sbzg4CausW/PKQ=="
    },
    "lodash": {
      "version": "4.17.21",
      "resolved": "https://artifactory-content.stripe.build/artifactory/api/npm/npm/lodash/-/lodash-4.17.21.tgz",
      "integrity": "sha512-v2kDEe57lecTulaDIuNTPy3Ry4gLGJ6Z1O3vE1krgXZNrsQ+LFTGHVxVjcXPs17LhbZVGedAJv8XZ1tvj5FvSg=="
    },
    "loose-envify": {
      "version": "1.4.0",
      "resolved": "https://artifactory-content.stripe.build/artifactory/api/npm/npm/loose-envify/-/loose-envify-1.4.0.tgz",
      "integrity": "sha512-lyuxPGr/Wfhrlem2CL/UcnUc1zcqKAImBDzukY7Y5F/yQiNdko6+fRLevlw1HgMySw7f611UIY408EtxRSoK3Q==",
      "requires": {
        "js-tokens": "^3.0.0 || ^4.0.0"
      }
    },
    "object-assign": {
      "version": "4.1.1",
      "resolved": "https://artifactory-content.stripe.build/artifactory/api/npm/npm/object-assign/-/object-assign-4.1.1.tgz",
      "integrity": "sha1-IQmtx5ZYh8/AXLvUQsrIv7s2CGM="
    },
    "object-inspect": {
      "version": "1.11.0",
      "resolved": "https://artifactory-content.stripe.build/artifactory/api/npm/npm/object-inspect/-/object-inspect-1.11.0.tgz",
      "integrity": "sha512-jp7ikS6Sd3GxQfZJPyH3cjcbJF6GZPClgdV+EFygjFLQ5FmW/dRUnTd9PQ9k0JhoNDabWFbpF1yCdSWCC6gexg=="
    },
    "qs": {
      "version": "6.10.1",
      "resolved": "https://artifactory-content.stripe.build/artifactory/api/npm/npm/qs/-/qs-6.10.1.tgz",
      "integrity": "sha512-M528Hph6wsSVOBiYUnGf+K/7w0hNshs/duGsNXPUCLH5XAqjEtiPGwNONLV0tBH8NoGb0mvD5JubnUTrujKDTg==",
      "requires": {
        "side-channel": "^1.0.4"
      }
    },
    "querystring": {
      "version": "0.2.0",
      "resolved": "https://artifactory-content.stripe.build/artifactory/api/npm/npm/querystring/-/querystring-0.2.0.tgz",
      "integrity": "sha1-sgmEkgO7Jd+CDadW50cAWHhSFiA="
    },
    "react": {
      "version": "17.0.2",
      "requires": {
        "loose-envify": "^1.1.0",
        "object-assign": "^4.1.1"
      }
    },
    "react-reconciler": {
      "version": "0.26.2",
      "resolved": "https://artifactory-content.stripe.build/artifactory/api/npm/npm/react-reconciler/-/react-reconciler-0.26.2.tgz",
      "integrity": "sha512-nK6kgY28HwrMNwDnMui3dvm3rCFjZrcGiuwLc5COUipBK5hWHLOxMJhSnSomirqWwjPBJKV1QcbkI0VJr7Gl1Q==",
      "requires": {
        "loose-envify": "^1.1.0",
        "object-assign": "^4.1.1",
        "scheduler": "^0.20.2"
      }
    },
    "scheduler": {
      "version": "0.20.2",
      "resolved": "https://artifactory-content.stripe.build/artifactory/api/npm/npm/scheduler/-/scheduler-0.20.2.tgz",
      "integrity": "sha512-2eWfGgAqqWFGqtdMmcL5zCMK1U8KlXv8SQFGglL3CEtd0aDVDWgeF/YoCmvln55m5zSk3J/20hTaSBeSObsQDQ==",
      "requires": {
        "loose-envify": "^1.1.0",
        "object-assign": "^4.1.1"
      }
    },
    "side-channel": {
      "version": "1.0.4",
      "resolved": "https://artifactory-content.stripe.build/artifactory/api/npm/npm/side-channel/-/side-channel-1.0.4.tgz",
      "integrity": "sha512-q5XPytqFEIKHkGdiMIrY10mvLRvnQh42/+GoBlFW3b2LXLE2xxJpZFdm94we0BaoV3RwJyGqg5wS7epxTv0Zvw==",
      "requires": {
        "call-bind": "^1.0.0",
        "get-intrinsic": "^1.0.2",
        "object-inspect": "^1.9.0"
      }
    },
    "stripe": {
      "version": "8.174.0",
      "requires": {
        "@types/node": ">=8.1.0",
        "qs": "^6.6.0"
      }
    }
  }
}
