# THIS IS AN AUTOGENERATED FILE. DO NOT EDIT THIS FILE DIRECTLY.
# yarn lockfile v1


"@remote-ui/async-subscription@^2.1.7":
  version "2.1.7"
  resolved "https://artifactory-content.stripe.build/artifactory/api/npm/npm/@remote-ui/async-subscription/-/async-subscription-2.1.7.tgz#c8e18aad37a05aab63c0578da650dce291c63fad"
  integrity sha512-Tou3pVlt/7PE3+hOT9pmlwaNgbsTYejeHcRZ9u8FfwmMNs0YOjrEHhQMPlVotpZFucoGMNAEmpcbmjVZBR8TWw==
  dependencies:
    "@remote-ui/rpc" "^1.2.5"

"@remote-ui/core@^2.1.6":
  version "2.1.6"
  resolved "https://artifactory-content.stripe.build/artifactory/api/npm/npm/@remote-ui/core/-/core-2.1.6.tgz#ac9afa402bc5d743f0b5528590dd5cdd04e09dfd"
  integrity sha512-jYTsNZws0H6//jehQgAG3mJfm7rDuEM7Oo4JaJ8kDt64Qbzizr4+lsAk4H6OJVscAIxX03bvr4oZGYzrvtZ9Ig==
  dependencies:
    "@remote-ui/rpc" "^1.2.5"
    "@remote-ui/types" "^1.1.1"

"@remote-ui/react@^4.3.0":
  version "4.3.0"
  resolved "https://artifactory-content.stripe.build/artifactory/api/npm/npm/@remote-ui/react/-/react-4.3.0.tgz#5f1ed2482cb1f0e920fcfc2479b2a1cee72ea101"
  integrity sha512-FOTzF2PZIUJqJQwyzUFboDg+EyDilJjcjwOpKl84/izvewD0HcM+4E7xD5yx7CRES1jYSVGiMxxRuL7SQ4wF4w==
  dependencies:
    "@remote-ui/async-subscription" "^2.1.7"
    "@remote-ui/core" "^2.1.6"
    "@remote-ui/rpc" "^1.2.5"
    "@types/react" ">=17.0.0 <18.0.0"
    "@types/react-reconciler" "^0.26.0"
    react-reconciler ">=0.26.0 <1.0.0"

"@remote-ui/rpc@^1.2.5":
  version "1.2.5"
  resolved "https://artifactory-content.stripe.build/artifactory/api/npm/npm/@remote-ui/rpc/-/rpc-1.2.5.tgz#b3a919bb82433e8ae478d739491703d4ec8ea1f6"
  integrity sha512-yh08pSDuYxHKrw7jlCMshWmMOid1b07lKOlv9MYPC8kLw0sqQh0qY8zqNZTXjtxHhZyHYcJyHR5EOTuIGTNFMw==

"@remote-ui/types@^1.1.1":
  version "1.1.1"
  resolved "https://artifactory-content.stripe.build/artifactory/api/npm/npm/@remote-ui/types/-/types-1.1.1.tgz#c74cbd6d4442a6b260138d3c86d2d74c19a84663"
  integrity sha512-FCcUpt61PwtTlOwTAMpPzxI8un7HfNKKr5Mu876+hfr2w3SG2zO/5RjmX9UWQnNGwnbofIpdn36z6AmK6AyjVw==

"@stripe/ui-extension-sdk@^1.1.5":
  version "1.1.5"
  resolved "https://artifactory-content.stripe.build/artifactory/api/npm/npm/@stripe/ui-extension-sdk/-/ui-extension-sdk-1.1.5.tgz#3ad3ed818b972d22ba932c8ab9e9ac3d93296e03"
  integrity sha512-phfzMsKC0U8ww1Te2M5IN72uAnaXKR9Z88vbQqHKA5PWa8OTnKlMkZtMum7yOMf84VXJZVu5zCqwzuiuiivsYA==
  dependencies:
    "@remote-ui/react" "^4.3.0"
    "@types/stylis" "^4.0.2"
    invariant "^2.2.4"
    react "^17.0.2"
    stripe "^8.174.0"

"@types/node@>=8.1.0":
  version "16.11.12"
  resolved "https://artifactory-content.stripe.build/artifactory/api/npm/npm/@types/node/-/node-16.11.12.tgz#ac7fb693ac587ee182c3780c26eb65546a1a3c10"
  integrity sha512-+2Iggwg7PxoO5Kyhvsq9VarmPbIelXP070HMImEpbtGCoyWNINQj4wzjbQCXzdHTRXnqufutJb5KAURZANNBAw==

"@types/prop-types@*":
  version "15.7.4"
  resolved "https://artifactory-content.stripe.build/artifactory/api/npm/npm/@types/prop-types/-/prop-types-15.7.4.tgz#fcf7205c25dff795ee79af1e30da2c9790808f11"
  integrity sha512-rZ5drC/jWjrArrS8BR6SIr4cWpW09RNTYt9AMZo3Jwwif+iacXAqgVjm0B0Bv/S1jhDXKHqRVNCbACkJ89RAnQ==

"@types/react-reconciler@^0.26.0":
  version "0.26.4"
  resolved "https://artifactory-content.stripe.build/artifactory/api/npm/npm/@types/react-reconciler/-/react-reconciler-0.26.4.tgz#651404be172cf29b65cddf246d8d964b4e448399"
  integrity sha512-bdx4aIBkQRDAnzc23JBFeZmVpmfLJHfHikmQukEt9qs4bQtq9f+PDbNwhR9u74FkIUyIDz1I1qJ8OF6RwadKpw==
  dependencies:
    "@types/react" "*"

"@types/react@*", "@types/react@>=17.0.0 <18.0.0":
  version "17.0.37"
  resolved "https://artifactory-content.stripe.build/artifactory/api/npm/npm/@types/react/-/react-17.0.37.tgz#6884d0aa402605935c397ae689deed115caad959"
  integrity sha512-2FS1oTqBGcH/s0E+CjrCCR9+JMpsu9b69RTFO+40ua43ZqP5MmQ4iUde/dMjWR909KxZwmOQIFq6AV6NjEG5xg==
  dependencies:
    "@types/prop-types" "*"
    "@types/scheduler" "*"
    csstype "^3.0.2"

"@types/scheduler@*":
  version "0.16.2"
  resolved "https://artifactory-content.stripe.build/artifactory/api/npm/npm/@types/scheduler/-/scheduler-0.16.2.tgz#1a62f89525723dde24ba1b01b092bf5df8ad4d39"
  integrity sha512-hppQEBDmlwhFAXKJX2KnWLYu5yMfi91yazPb2l+lbJiwW+wdo1gNeRA+3RgNSO39WYX2euey41KEwnqesU2Jew==

"@types/stylis@^4.0.2":
  version "4.0.2"
  resolved "https://artifactory-content.stripe.build/artifactory/api/npm/npm/@types/stylis/-/stylis-4.0.2.tgz#311c62d68a23dfb01462d54b04549484a4c5cb2a"
  integrity sha512-wtckGuk1eXUlUz0Qb1eXHG37Z7HWT2GfMdqRf8F/ifddTwadSS9Jwsqi4qtXk7cP7MtoyGVIHPElFCLc6HItbg==

accepts@~1.3.7:
  version "1.3.7"
  resolved "https://artifactory-content.stripe.build/artifactory/api/npm/npm/accepts/-/accepts-1.3.7.tgz#531bc726517a3b2b41f850021c6cc15eaab507cd"
  integrity sha512-Il80Qs2WjYlJIBNzNkK6KYqlVMTbZLXgHx2oT0pU/fjRHyEp+PEfEPY0R3WCwAGVOtauxh1hOxNgIf5bv7dQpA==
  dependencies:
    mime-types "~2.1.24"
    negotiator "0.6.2"

array-flatten@2.1.1:
  version "2.1.1"
  resolved "https://artifactory-content.stripe.build/artifactory/api/npm/npm/array-flatten/-/array-flatten-2.1.1.tgz#426bb9da84090c1838d812c8150af20a8331e296"
  integrity sha1-Qmu52oQJDBg42BLIFQryCoMx4pY=

body-parser@1.19.0:
  version "1.19.0"
  resolved "https://artifactory-content.stripe.build/artifactory/api/npm/npm/body-parser/-/body-parser-1.19.0.tgz#96b2709e57c9c4e09a6fd66a8fd979844f69f08a"
  integrity sha512-dhEPs72UPbDnAQJ9ZKMNTP6ptJaionhP5cBb541nXPlW60Jepo9RV/a4fX4XWW9CuFNK22krhrj1+rgzifNCsw==
  dependencies:
    bytes "3.1.0"
    content-type "~1.0.4"
    debug "2.6.9"
    depd "~1.1.2"
    http-errors "1.7.2"
    iconv-lite "0.4.24"
    on-finished "~2.3.0"
    qs "6.7.0"
    raw-body "2.4.0"
    type-is "~1.6.17"

bytes@3.1.0:
  version "3.1.0"
  resolved "https://artifactory-content.stripe.build/artifactory/api/npm/npm/bytes/-/bytes-3.1.0.tgz#f6cf7933a360e0588fa9fde85651cdc7f805d1f6"
  integrity sha512-zauLjrfCG+xvoyaqLoV8bLVXXNGC4JqlxFCutSDWA6fJrTo2ZuvLYTqZ7aHBLZSMOopbzwv8f+wZcVzfVTI2Dg==

call-bind@^1.0.0:
  version "1.0.2"
  resolved "https://artifactory-content.stripe.build/artifactory/api/npm/npm/call-bind/-/call-bind-1.0.2.tgz#b1d4e89e688119c3c9a903ad30abb2f6a919be3c"
  integrity sha512-7O+FbCihrB5WGbFYesctwmTKae6rOiIzmz1icreWJ+0aA7LJfuqhEso2T9ncpcFtzMQtzXf2QGGueWJGTYsqrA==
  dependencies:
    function-bind "^1.1.1"
    get-intrinsic "^1.0.2"

content-disposition@0.5.3:
  version "0.5.3"
  resolved "https://artifactory-content.stripe.build/artifactory/api/npm/npm/content-disposition/-/content-disposition-0.5.3.tgz#e130caf7e7279087c5616c2007d0485698984fbd"
  integrity sha512-ExO0774ikEObIAEV9kDo50o+79VCUdEB6n6lzKgGwupcVeRlhrj3qGAfwq8G6uBJjkqLrhT0qEYFcWng8z1z0g==
  dependencies:
    safe-buffer "5.1.2"

content-type@~1.0.4:
  version "1.0.4"
  resolved "https://artifactory-content.stripe.build/artifactory/api/npm/npm/content-type/-/content-type-1.0.4.tgz#e138cc75e040c727b1966fe5e5f8c9aee256fe3b"
  integrity sha512-hIP3EEPs8tB9AT1L+NUqtwOAps4mk2Zob89MWXMHjHWg9milF/j4osnnQLXBCBFBk/tvIG/tUc9mOUJiPBhPXA==

cookie-signature@1.0.6:
  version "1.0.6"
  resolved "https://artifactory-content.stripe.build/artifactory/api/npm/npm/cookie-signature/-/cookie-signature-1.0.6.tgz#e303a882b342cc3ee8ca513a79999734dab3ae2c"
  integrity sha1-4wOogrNCzD7oylE6eZmXNNqzriw=

cookie@0.4.0:
  version "0.4.0"
  resolved "https://artifactory-content.stripe.build/artifactory/api/npm/npm/cookie/-/cookie-0.4.0.tgz#beb437e7022b3b6d49019d088665303ebe9c14ba"
  integrity sha512-+Hp8fLp57wnUSt0tY0tHEXh4voZRDnoIrZPqlo3DPiI4y9lwg/jqx+1Om94/W6ZaPDOUbnjOt/99w66zk+l1Xg==

csstype@^3.0.2:
  version "3.0.10"
  resolved "https://artifactory-content.stripe.build/artifactory/api/npm/npm/csstype/-/csstype-3.0.10.tgz#2ad3a7bed70f35b965707c092e5f30b327c290e5"
  integrity sha512-2u44ZG2OcNUO9HDp/Jl8C07x6pU/eTR3ncV91SiK3dhG9TWvRVsCoJw14Ckx5DgWkzGA3waZWO3d7pgqpUI/XA==

debug@2.6.9:
  version "2.6.9"
  resolved "https://artifactory-content.stripe.build/artifactory/api/npm/npm/debug/-/debug-2.6.9.tgz#5d128515df134ff327e90a4c93f4e077a536341f"
  integrity sha512-bC7ElrdJaJnPbAP+1EotYvqZsb3ecl5wi6Bfi6BJTUcNowp6cvspg0jXznRTKDjm/E7AdgFBVeAPVMNcKGsHMA==
  dependencies:
    ms "2.0.0"

debug@3.1.0:
  version "3.1.0"
  resolved "https://artifactory-content.stripe.build/artifactory/api/npm/npm/debug/-/debug-3.1.0.tgz#5bb5a0672628b64149566ba16819e61518c67261"
  integrity sha512-OX8XqP7/1a9cqkxYw2yXss15f26NKWBpDXQd0/uK/KPqdQhxbPa994hnzjcE2VqQpDslf55723cKPUOGSmMY3g==
  dependencies:
    ms "2.0.0"

depd@~1.1.2:
  version "1.1.2"
  resolved "https://artifactory-content.stripe.build/artifactory/api/npm/npm/depd/-/depd-1.1.2.tgz#9bcd52e14c097763e749b274c4346ed2e560b5a9"
  integrity sha1-m81S4UwJd2PnSbJ0xDRu0uVgtak=

destroy@~1.0.4:
  version "1.0.4"
  resolved "https://artifactory-content.stripe.build/artifactory/api/npm/npm/destroy/-/destroy-1.0.4.tgz#978857442c44749e4206613e37946205826abd80"
  integrity sha1-l4hXRCxEdJ5CBmE+N5RiBYJqvYA=

ee-first@1.1.1:
  version "1.1.1"
  resolved "https://artifactory-content.stripe.build/artifactory/api/npm/npm/ee-first/-/ee-first-1.1.1.tgz#590c61156b0ae2f4f0255732a158b266bc56b21d"
  integrity sha1-WQxhFWsK4vTwJVcyoViyZrxWsh0=

encodeurl@~1.0.2:
  version "1.0.2"
  resolved "https://artifactory-content.stripe.build/artifactory/api/npm/npm/encodeurl/-/encodeurl-1.0.2.tgz#ad3ff4c86ec2d029322f5a02c3a9a606c95b3f59"
  integrity sha1-rT/0yG7C0CkyL1oCw6mmBslbP1k=

escape-html@~1.0.3:
  version "1.0.3"
  resolved "https://artifactory-content.stripe.build/artifactory/api/npm/npm/escape-html/-/escape-html-1.0.3.tgz#0258eae4d3d0c0974de1c169188ef0051d1d1988"
  integrity sha1-Aljq5NPQwJdN4cFpGI7wBR0dGYg=

etag@~1.8.1:
  version "1.8.1"
  resolved "https://artifactory-content.stripe.build/artifactory/api/npm/npm/etag/-/etag-1.8.1.tgz#41ae2eeb65efa62268aebfea83ac7d79299b0887"
  integrity sha1-Qa4u62XvpiJorr/qg6x9eSmbCIc=

express@^5.0.0-alpha.8:
  version "5.0.0-alpha.8"
  resolved "https://artifactory-content.stripe.build/artifactory/api/npm/npm/express/-/express-5.0.0-alpha.8.tgz#b9dd3a568eab791e3391db47f9e6ab91e61b13fe"
  integrity sha512-PL8wTLgaNOiq7GpXt187/yWHkrNSfbr4H0yy+V0fpqJt5wpUzBi9DprAkwGKBFOqWHylJ8EyPy34V5u9YArfng==
  dependencies:
    accepts "~1.3.7"
    array-flatten "2.1.1"
    body-parser "1.19.0"
    content-disposition "0.5.3"
    content-type "~1.0.4"
    cookie "0.4.0"
    cookie-signature "1.0.6"
    debug "3.1.0"
    depd "~1.1.2"
    encodeurl "~1.0.2"
    escape-html "~1.0.3"
    etag "~1.8.1"
    finalhandler "~1.1.2"
    fresh "0.5.2"
    merge-descriptors "1.0.1"
    methods "~1.1.2"
    on-finished "~2.3.0"
    parseurl "~1.3.3"
    path-is-absolute "1.0.1"
    proxy-addr "~2.0.5"
    qs "6.7.0"
    range-parser "~1.2.1"
    router "2.0.0-alpha.1"
    safe-buffer "5.1.2"
    send "0.17.1"
    serve-static "1.14.1"
    setprototypeof "1.1.1"
    statuses "~1.5.0"
    type-is "~1.6.18"
    utils-merge "1.0.1"
    vary "~1.1.2"

finalhandler@~1.1.2:
  version "1.1.2"
  resolved "https://artifactory-content.stripe.build/artifactory/api/npm/npm/finalhandler/-/finalhandler-1.1.2.tgz#b7e7d000ffd11938d0fdb053506f6ebabe9f587d"
  integrity sha512-aAWcW57uxVNrQZqFXjITpW3sIUQmHGG3qSb9mUah9MgMC4NeWhNOlNjXEYq3HjRAvL6arUviZGGJsBg6z0zsWA==
  dependencies:
    debug "2.6.9"
    encodeurl "~1.0.2"
    escape-html "~1.0.3"
    on-finished "~2.3.0"
    parseurl "~1.3.3"
    statuses "~1.5.0"
    unpipe "~1.0.0"

forwarded@0.2.0:
  version "0.2.0"
  resolved "https://artifactory-content.stripe.build/artifactory/api/npm/npm/forwarded/-/forwarded-0.2.0.tgz#2269936428aad4c15c7ebe9779a84bf0b2a81811"
  integrity sha512-buRG0fpBtRHSTCOASe6hD258tEubFoRLb4ZNA6NxMVHNw2gOcwHo9wyablzMzOA5z9xA9L1KNjk/Nt6MT9aYow==

fresh@0.5.2:
  version "0.5.2"
  resolved "https://artifactory-content.stripe.build/artifactory/api/npm/npm/fresh/-/fresh-0.5.2.tgz#3d8cadd90d976569fa835ab1f8e4b23a105605a7"
  integrity sha1-PYyt2Q2XZWn6g1qx+OSyOhBWBac=

function-bind@^1.1.1:
  version "1.1.1"
  resolved "https://artifactory-content.stripe.build/artifactory/api/npm/npm/function-bind/-/function-bind-1.1.1.tgz#a56899d3ea3c9bab874bb9773b7c5ede92f4895d"
  integrity sha512-yIovAzMX49sF8Yl58fSCWJ5svSLuaibPxXQJFLmBObTuCr0Mf1KiPopGM9NiFjiYBCbfaa2Fh6breQ6ANVTI0A==

get-intrinsic@^1.0.2:
  version "1.1.1"
  resolved "https://artifactory-content.stripe.build/artifactory/api/npm/npm/get-intrinsic/-/get-intrinsic-1.1.1.tgz#15f59f376f855c446963948f0d24cd3637b4abc6"
  integrity sha512-kWZrnVM42QCiEA2Ig1bG8zjoIMOgxWwYCEeNdwY6Tv/cOSeGpcoX4pXHfKUxNKVoArnrEr2e9srnAxxGIraS9Q==
  dependencies:
    function-bind "^1.1.1"
    has "^1.0.3"
    has-symbols "^1.0.1"

has-symbols@^1.0.1:
  version "1.0.2"
  resolved "https://artifactory-content.stripe.build/artifactory/api/npm/npm/has-symbols/-/has-symbols-1.0.2.tgz#165d3070c00309752a1236a479331e3ac56f1423"
  integrity sha512-chXa79rL/UC2KlX17jo3vRGz0azaWEx5tGqZg5pO3NUyEJVB17dMruQlzCCOfUvElghKcm5194+BCRvi2Rv/Gw==

has@^1.0.3:
  version "1.0.3"
  resolved "https://artifactory-content.stripe.build/artifactory/api/npm/npm/has/-/has-1.0.3.tgz#722d7cbfc1f6aa8241f16dd814e011e1f41e8796"
  integrity sha512-f2dvO0VU6Oej7RkWJGrehjbzMAjFp5/VKPp5tTpWIV4JHHZK1/BxbFRtf/siA2SWTe09caDmVtYYzWEIbBS4zw==
  dependencies:
    function-bind "^1.1.1"

http-errors@1.7.2:
  version "1.7.2"
  resolved "https://artifactory-content.stripe.build/artifactory/api/npm/npm/http-errors/-/http-errors-1.7.2.tgz#4f5029cf13239f31036e5b2e55292bcfbcc85c8f"
  integrity sha512-uUQBt3H/cSIVfch6i1EuPNy/YsRSOUBXTVfZ+yR7Zjez3qjBz6i9+i4zjNaoqcoFVI4lQJ5plg63TvGfRSDCRg==
  dependencies:
    depd "~1.1.2"
    inherits "2.0.3"
    setprototypeof "1.1.1"
    statuses ">= 1.5.0 < 2"
    toidentifier "1.0.0"

http-errors@~1.7.2:
  version "1.7.3"
  resolved "https://artifactory-content.stripe.build/artifactory/api/npm/npm/http-errors/-/http-errors-1.7.3.tgz#6c619e4f9c60308c38519498c14fbb10aacebb06"
  integrity sha512-ZTTX0MWrsQ2ZAhA1cejAwDLycFsd7I7nVtnkT3Ol0aqodaKW+0CTZDQ1uBv5whptCnc8e8HeRRJxRs0kmm/Qfw==
  dependencies:
    depd "~1.1.2"
    inherits "2.0.4"
    setprototypeof "1.1.1"
    statuses ">= 1.5.0 < 2"
    toidentifier "1.0.0"

iconv-lite@0.4.24:
  version "0.4.24"
  resolved "https://artifactory-content.stripe.build/artifactory/api/npm/npm/iconv-lite/-/iconv-lite-0.4.24.tgz#2022b4b25fbddc21d2f524974a474aafe733908b"
  integrity sha512-v3MXnZAcvnywkTUEZomIActle7RXXeedOR31wwl7VlyoXO4Qi9arvSenNQWne1TcRwhCL1HwLI21bEqdpj8/rA==
  dependencies:
    safer-buffer ">= 2.1.2 < 3"

inherits@2.0.3:
  version "2.0.3"
  resolved "https://artifactory-content.stripe.build/artifactory/api/npm/npm/inherits/-/inherits-2.0.3.tgz#633c2c83e3da42a502f52466022480f4208261de"
  integrity sha1-Yzwsg+PaQqUC9SRmAiSA9CCCYd4=

inherits@2.0.4:
  version "2.0.4"
  resolved "https://artifactory-content.stripe.build/artifactory/api/npm/npm/inherits/-/inherits-2.0.4.tgz#0fa2c64f932917c3433a0ded55363aae37416b7c"
  integrity sha512-k/vGaX4/Yla3WzyMCvTQOXYeIHvqOKtnqBduzTHpzpQZzAskKMhZ2K+EnBiSM9zGSoIFeMpXKxa4dYeZIQqewQ==

invariant@^2.2.4:
  version "2.2.4"
  resolved "https://artifactory-content.stripe.build/artifactory/api/npm/npm/invariant/-/invariant-2.2.4.tgz#610f3c92c9359ce1db616e538008d23ff35158e6"
  integrity sha512-phJfQVBuaJM5raOpJjSfkiD6BpbCE4Ns//LaXl6wGYtUBY83nWS6Rf9tXm2e8VaK60JEjYldbPif/A2B1C2gNA==
  dependencies:
    loose-envify "^1.0.0"

ipaddr.js@1.9.1:
  version "1.9.1"
  resolved "https://artifactory-content.stripe.build/artifactory/api/npm/npm/ipaddr.js/-/ipaddr.js-1.9.1.tgz#bff38543eeb8984825079ff3a2a8e6cbd46781b3"
  integrity sha512-0KI/607xoxSToH7GjN1FfSbLoU0+btTicjsQSWQlh/hZykN8KpmMf7uYwPW3R+akZ6R/w18ZlXSHBYXiYUPO3g==

"js-tokens@^3.0.0 || ^4.0.0":
  version "4.0.0"
  resolved "https://artifactory-content.stripe.build/artifactory/api/npm/npm/js-tokens/-/js-tokens-4.0.0.tgz#19203fb59991df98e3a287050d4647cdeaf32499"
  integrity sha512-RdJUflcE3cUzKiMqQgsCu06FPu9UdIJO0beYbPhHN4k6apgJtifcoCtT9bcxOpYBtpD2kCM6Sbzg4CausW/PKQ==

loose-envify@^1.0.0, loose-envify@^1.1.0:
  version "1.4.0"
  resolved "https://artifactory-content.stripe.build/artifactory/api/npm/npm/loose-envify/-/loose-envify-1.4.0.tgz#71ee51fa7be4caec1a63839f7e682d8132d30caf"
  integrity sha512-lyuxPGr/Wfhrlem2CL/UcnUc1zcqKAImBDzukY7Y5F/yQiNdko6+fRLevlw1HgMySw7f611UIY408EtxRSoK3Q==
  dependencies:
    js-tokens "^3.0.0 || ^4.0.0"

media-typer@0.3.0:
  version "0.3.0"
  resolved "https://artifactory-content.stripe.build/artifactory/api/npm/npm/media-typer/-/media-typer-0.3.0.tgz#8710d7af0aa626f8fffa1ce00168545263255748"
  integrity sha1-hxDXrwqmJvj/+hzgAWhUUmMlV0g=

merge-descriptors@1.0.1:
  version "1.0.1"
  resolved "https://artifactory-content.stripe.build/artifactory/api/npm/npm/merge-descriptors/-/merge-descriptors-1.0.1.tgz#b00aaa556dd8b44568150ec9d1b953f3f90cbb61"
  integrity sha1-sAqqVW3YtEVoFQ7J0blT8/kMu2E=

methods@~1.1.2:
  version "1.1.2"
  resolved "https://artifactory-content.stripe.build/artifactory/api/npm/npm/methods/-/methods-1.1.2.tgz#5529a4d67654134edcc5266656835b0f851afcee"
  integrity sha1-VSmk1nZUE07cxSZmVoNbD4Ua/O4=

mime-db@1.51.0:
  version "1.51.0"
  resolved "https://artifactory-content.stripe.build/artifactory/api/npm/npm/mime-db/-/mime-db-1.51.0.tgz#d9ff62451859b18342d960850dc3cfb77e63fb0c"
  integrity sha512-5y8A56jg7XVQx2mbv1lu49NR4dokRnhZYTtL+KGfaa27uq4pSTXkwQkFJl4pkRMyNFz/EtYDSkiiEHx3F7UN6g==

mime-types@~2.1.24:
  version "2.1.34"
  resolved "https://artifactory-content.stripe.build/artifactory/api/npm/npm/mime-types/-/mime-types-2.1.34.tgz#5a712f9ec1503511a945803640fafe09d3793c24"
  integrity sha512-6cP692WwGIs9XXdOO4++N+7qjqv0rqxxVvJ3VHPh/Sc9mVZcQP+ZGhkKiTvWMQRr2tbHkJP/Yn7Y0npb3ZBs4A==
  dependencies:
    mime-db "1.51.0"

mime@1.6.0:
  version "1.6.0"
  resolved "https://artifactory-content.stripe.build/artifactory/api/npm/npm/mime/-/mime-1.6.0.tgz#32cd9e5c64553bd58d19a568af452acff04981b1"
  integrity sha512-x0Vn8spI+wuJ1O6S7gnbaQg8Pxh4NNHb7KSINmEWKiPE4RKOplvijn+NkmYmmRgP68mc70j2EbeTFRsrswaQeg==

ms@2.0.0:
  version "2.0.0"
  resolved "https://artifactory-content.stripe.build/artifactory/api/npm/npm/ms/-/ms-2.0.0.tgz#5608aeadfc00be6c2901df5f9861788de0d597c8"
  integrity sha1-VgiurfwAvmwpAd9fmGF4jeDVl8g=

ms@2.1.1:
  version "2.1.1"
  resolved "https://artifactory-content.stripe.build/artifactory/api/npm/npm/ms/-/ms-2.1.1.tgz#30a5864eb3ebb0a66f2ebe6d727af06a09d86e0a"
  integrity sha512-tgp+dl5cGk28utYktBsrFqA7HKgrhgPsg6Z/EfhWI4gl1Hwq8B/GmY/0oXZ6nF8hDVesS/FpnYaD/kOWhYQvyg==

negotiator@0.6.2:
  version "0.6.2"
  resolved "https://artifactory-content.stripe.build/artifactory/api/npm/npm/negotiator/-/negotiator-0.6.2.tgz#feacf7ccf525a77ae9634436a64883ffeca346fb"
  integrity sha512-hZXc7K2e+PgeI1eDBe/10Ard4ekbfrrqG8Ep+8Jmf4JID2bNg7NvCPOZN+kfF574pFQI7mum2AUqDidoKqcTOw==

object-assign@^4.1.1:
  version "4.1.1"
  resolved "https://artifactory-content.stripe.build/artifactory/api/npm/npm/object-assign/-/object-assign-4.1.1.tgz#2109adc7965887cfc05cbbd442cac8bfbb360863"
  integrity sha1-IQmtx5ZYh8/AXLvUQsrIv7s2CGM=

object-inspect@^1.9.0:
  version "1.11.1"
  resolved "https://artifactory-content.stripe.build/artifactory/api/npm/npm/object-inspect/-/object-inspect-1.11.1.tgz#d4bd7d7de54b9a75599f59a00bd698c1f1c6549b"
  integrity sha512-If7BjFlpkzzBeV1cqgT3OSWT3azyoxDGajR+iGnFBfVV2EWyDyWaZZW2ERDjUaY2QM8i5jI3Sj7mhsM4DDAqWA==

on-finished@~2.3.0:
  version "2.3.0"
  resolved "https://artifactory-content.stripe.build/artifactory/api/npm/npm/on-finished/-/on-finished-2.3.0.tgz#20f1336481b083cd75337992a16971aa2d906947"
  integrity sha1-IPEzZIGwg811M3mSoWlxqi2QaUc=
  dependencies:
    ee-first "1.1.1"

parseurl@~1.3.2, parseurl@~1.3.3:
  version "1.3.3"
  resolved "https://artifactory-content.stripe.build/artifactory/api/npm/npm/parseurl/-/parseurl-1.3.3.tgz#9da19e7bee8d12dff0513ed5b76957793bc2e8d4"
  integrity sha512-CiyeOxFT/JZyN5m0z9PfXw4SCBJ6Sygz1Dpl0wqjlhDEGGBP1GnsUVEL0p63hoG1fcj3fHynXi9NYO4nWOL+qQ==

path-is-absolute@1.0.1:
  version "1.0.1"
  resolved "https://artifactory-content.stripe.build/artifactory/api/npm/npm/path-is-absolute/-/path-is-absolute-1.0.1.tgz#174b9268735534ffbc7ace6bf53a5a9e1b5c5f5f"
  integrity sha1-F0uSaHNVNP+8es5r9TpanhtcX18=

path-to-regexp@0.1.7:
  version "0.1.7"
  resolved "https://artifactory-content.stripe.build/artifactory/api/npm/npm/path-to-regexp/-/path-to-regexp-0.1.7.tgz#df604178005f522f15eb4490e7247a1bfaa67f8c"
  integrity sha1-32BBeABfUi8V60SQ5yR6G/qmf4w=

proxy-addr@~2.0.5:
  version "2.0.7"
  resolved "https://artifactory-content.stripe.build/artifactory/api/npm/npm/proxy-addr/-/proxy-addr-2.0.7.tgz#f19fe69ceab311eeb94b42e70e8c2070f9ba1025"
  integrity sha512-llQsMLSUDUPT44jdrU/O37qlnifitDP+ZwrmmZcoSKyLKvtZxpyV0n2/bD/N4tBAAZ/gJEdZU7KMraoK1+XYAg==
  dependencies:
    forwarded "0.2.0"
    ipaddr.js "1.9.1"

qs@6.7.0:
  version "6.7.0"
  resolved "https://artifactory-content.stripe.build/artifactory/api/npm/npm/qs/-/qs-6.7.0.tgz#41dc1a015e3d581f1621776be31afb2876a9b1bc"
  integrity sha512-VCdBRNFTX1fyE7Nb6FYoURo/SPe62QCaAyzJvUjwRaIsc+NePBEniHlvxFmmX56+HZphIGtV0XeCirBtpDrTyQ==

qs@^6.6.0:
  version "6.10.2"
  resolved "https://artifactory-content.stripe.build/artifactory/api/npm/npm/qs/-/qs-6.10.2.tgz#c1431bea37fc5b24c5bdbafa20f16bdf2a4b9ffe"
  integrity sha512-mSIdjzqznWgfd4pMii7sHtaYF8rx8861hBO80SraY5GT0XQibWZWJSid0avzHGkDIZLImux2S5mXO0Hfct2QCw==
  dependencies:
    side-channel "^1.0.4"

range-parser@~1.2.1:
  version "1.2.1"
  resolved "https://artifactory-content.stripe.build/artifactory/api/npm/npm/range-parser/-/range-parser-1.2.1.tgz#3cf37023d199e1c24d1a55b84800c2f3e6468031"
  integrity sha512-Hrgsx+orqoygnmhFbKaHE6c296J+HTAQXoxEF6gNupROmmGJRoyzfG3ccAveqCBrwr/2yxQ5BVd/GTl5agOwSg==

raw-body@2.4.0:
  version "2.4.0"
  resolved "https://artifactory-content.stripe.build/artifactory/api/npm/npm/raw-body/-/raw-body-2.4.0.tgz#a1ce6fb9c9bc356ca52e89256ab59059e13d0332"
  integrity sha512-4Oz8DUIwdvoa5qMJelxipzi/iJIi40O5cGV1wNYp5hvZP8ZN0T+jiNkL0QepXs+EsQ9XJ8ipEDoiH70ySUJP3Q==
  dependencies:
    bytes "3.1.0"
    http-errors "1.7.2"
    iconv-lite "0.4.24"
    unpipe "1.0.0"

"react-reconciler@>=0.26.0 <1.0.0":
  version "0.26.2"
  resolved "https://artifactory-content.stripe.build/artifactory/api/npm/npm/react-reconciler/-/react-reconciler-0.26.2.tgz#bbad0e2d1309423f76cf3c3309ac6c96e05e9d91"
  integrity sha512-nK6kgY28HwrMNwDnMui3dvm3rCFjZrcGiuwLc5COUipBK5hWHLOxMJhSnSomirqWwjPBJKV1QcbkI0VJr7Gl1Q==
  dependencies:
    loose-envify "^1.1.0"
    object-assign "^4.1.1"
    scheduler "^0.20.2"

react@^17.0.2:
  version "17.0.2"
  resolved "https://artifactory-content.stripe.build/artifactory/api/npm/npm/react/-/react-17.0.2.tgz#d0b5cc516d29eb3eee383f75b62864cfb6800037"
  integrity sha512-gnhPt75i/dq/z3/6q/0asP78D0u592D5L1pd7M8P+dck6Fu/jJeL6iVVK23fptSUZj8Vjf++7wXA8UNclGQcbA==
  dependencies:
    loose-envify "^1.1.0"
    object-assign "^4.1.1"

router@2.0.0-alpha.1:
  version "2.0.0-alpha.1"
  resolved "https://artifactory-content.stripe.build/artifactory/api/npm/npm/router/-/router-2.0.0-alpha.1.tgz#9188213b972215e03ef830e0ac77837870085f6d"
  integrity sha512-fz/T/qLkJM6RTtbqGqA1+uZ88ejqJoPyKeJAeXPYjebA7HzV/UyflH4gXWqW/Y6SERnp4kDwNARjqy6se3PcOw==
  dependencies:
    array-flatten "2.1.1"
    debug "3.1.0"
    methods "~1.1.2"
    parseurl "~1.3.2"
    path-to-regexp "0.1.7"
    setprototypeof "1.1.0"
    utils-merge "1.0.1"

safe-buffer@5.1.2:
  version "5.1.2"
  resolved "https://artifactory-content.stripe.build/artifactory/api/npm/npm/safe-buffer/-/safe-buffer-5.1.2.tgz#991ec69d296e0313747d59bdfd2b745c35f8828d"
  integrity sha512-Gd2UZBJDkXlY7GbJxfsE8/nvKkUEU1G38c1siN6QP6a9PT9MmHB8GnpscSmMJSoF8LOIrt8ud/wPtojys4G6+g==

"safer-buffer@>= 2.1.2 < 3":
  version "2.1.2"
  resolved "https://artifactory-content.stripe.build/artifactory/api/npm/npm/safer-buffer/-/safer-buffer-2.1.2.tgz#44fa161b0187b9549dd84bb91802f9bd8385cd6a"
  integrity sha512-YZo3K82SD7Riyi0E1EQPojLz7kpepnSQI9IyPbHHg1XXXevb5dJI7tpyN2ADxGcQbHG7vcyRHk0cbwqcQriUtg==

scheduler@^0.20.2:
  version "0.20.2"
  resolved "https://artifactory-content.stripe.build/artifactory/api/npm/npm/scheduler/-/scheduler-0.20.2.tgz#4baee39436e34aa93b4874bddcbf0fe8b8b50e91"
  integrity sha512-2eWfGgAqqWFGqtdMmcL5zCMK1U8KlXv8SQFGglL3CEtd0aDVDWgeF/YoCmvln55m5zSk3J/20hTaSBeSObsQDQ==
  dependencies:
    loose-envify "^1.1.0"
    object-assign "^4.1.1"

send@0.17.1:
  version "0.17.1"
  resolved "https://artifactory-content.stripe.build/artifactory/api/npm/npm/send/-/send-0.17.1.tgz#c1d8b059f7900f7466dd4938bdc44e11ddb376c8"
  integrity sha512-BsVKsiGcQMFwT8UxypobUKyv7irCNRHk1T0G680vk88yf6LBByGcZJOTJCrTP2xVN6yI+XjPJcNuE3V4fT9sAg==
  dependencies:
    debug "2.6.9"
    depd "~1.1.2"
    destroy "~1.0.4"
    encodeurl "~1.0.2"
    escape-html "~1.0.3"
    etag "~1.8.1"
    fresh "0.5.2"
    http-errors "~1.7.2"
    mime "1.6.0"
    ms "2.1.1"
    on-finished "~2.3.0"
    range-parser "~1.2.1"
    statuses "~1.5.0"

serve-static@1.14.1:
  version "1.14.1"
  resolved "https://artifactory-content.stripe.build/artifactory/api/npm/npm/serve-static/-/serve-static-1.14.1.tgz#666e636dc4f010f7ef29970a88a674320898b2f9"
  integrity sha512-JMrvUwE54emCYWlTI+hGrGv5I8dEwmco/00EvkzIIsR7MqrHonbD9pO2MOfFnpFntl7ecpZs+3mW+XbQZu9QCg==
  dependencies:
    encodeurl "~1.0.2"
    escape-html "~1.0.3"
    parseurl "~1.3.3"
    send "0.17.1"

setprototypeof@1.1.0:
  version "1.1.0"
  resolved "https://artifactory-content.stripe.build/artifactory/api/npm/npm/setprototypeof/-/setprototypeof-1.1.0.tgz#d0bd85536887b6fe7c0d818cb962d9d91c54e656"
  integrity sha512-BvE/TwpZX4FXExxOxZyRGQQv651MSwmWKZGqvmPcRIjDqWub67kTKuIMx43cZZrS/cBBzwBcNDWoFxt2XEFIpQ==

setprototypeof@1.1.1:
  version "1.1.1"
  resolved "https://artifactory-content.stripe.build/artifactory/api/npm/npm/setprototypeof/-/setprototypeof-1.1.1.tgz#7e95acb24aa92f5885e0abef5ba131330d4ae683"
  integrity sha512-JvdAWfbXeIGaZ9cILp38HntZSFSo3mWg6xGcJJsd+d4aRMOqauag1C63dJfDw7OaMYwEbHMOxEZ1lqVRYP2OAw==

side-channel@^1.0.4:
  version "1.0.4"
  resolved "https://artifactory-content.stripe.build/artifactory/api/npm/npm/side-channel/-/side-channel-1.0.4.tgz#efce5c8fdc104ee751b25c58d4290011fa5ea2cf"
  integrity sha512-q5XPytqFEIKHkGdiMIrY10mvLRvnQh42/+GoBlFW3b2LXLE2xxJpZFdm94we0BaoV3RwJyGqg5wS7epxTv0Zvw==
  dependencies:
    call-bind "^1.0.0"
    get-intrinsic "^1.0.2"
    object-inspect "^1.9.0"

"statuses@>= 1.5.0 < 2", statuses@~1.5.0:
  version "1.5.0"
  resolved "https://artifactory-content.stripe.build/artifactory/api/npm/npm/statuses/-/statuses-1.5.0.tgz#161c7dac177659fd9811f43771fa99381478628c"
  integrity sha1-Fhx9rBd2Wf2YEfQ3cfqZOBR4Yow=

stripe@^8.174.0, stripe@^8.193.0:
  version "8.193.0"
  resolved "https://artifactory-content.stripe.build/artifactory/api/npm/npm/stripe/-/stripe-8.193.0.tgz#875ef7e5c7ac7c57d40b73a495a1e6f50b7eb6c0"
  integrity sha512-SkU97dWTIcBR3fXdiVZJQoUs1K62ADf4zc6DaCxDACJICPfYI78NIJoroDZBvOLI5vCSHBc4E3wYC+h8CISeBw==
  dependencies:
    "@types/node" ">=8.1.0"
    qs "^6.6.0"

toidentifier@1.0.0:
  version "1.0.0"
  resolved "https://artifactory-content.stripe.build/artifactory/api/npm/npm/toidentifier/-/toidentifier-1.0.0.tgz#7e1be3470f1e77948bc43d94a3c8f4d7752ba553"
  integrity sha512-yaOH/Pk/VEhBWWTlhI+qXxDFXlejDGcQipMlyxda9nthulaxLZUNcUqFxokp0vcYnvteJln5FNQDRrxj3YcbVw==

type-is@~1.6.17, type-is@~1.6.18:
  version "1.6.18"
  resolved "https://artifactory-content.stripe.build/artifactory/api/npm/npm/type-is/-/type-is-1.6.18.tgz#4e552cd05df09467dcbc4ef739de89f2cf37c131"
  integrity sha512-TkRKr9sUTxEH8MdfuCSP7VizJyzRNMjj2J2do2Jr3Kym598JVdEksuzPQCnlFPW4ky9Q+iA+ma9BGm06XQBy8g==
  dependencies:
    media-typer "0.3.0"
    mime-types "~2.1.24"

unpipe@1.0.0, unpipe@~1.0.0:
  version "1.0.0"
  resolved "https://artifactory-content.stripe.build/artifactory/api/npm/npm/unpipe/-/unpipe-1.0.0.tgz#b2bf4ee8514aae6165b4817829d21b2ef49904ec"
  integrity sha1-sr9O6FFKrmFltIF4KdIbLvSZBOw=

utils-merge@1.0.1:
  version "1.0.1"
  resolved "https://artifactory-content.stripe.build/artifactory/api/npm/npm/utils-merge/-/utils-merge-1.0.1.tgz#9f95710f50a267947b2ccc124741c1028427e713"
  integrity sha1-n5VxD1CiZ5R7LMwSR0HBAoQn5xM=

vary@~1.1.2:
  version "1.1.2"
  resolved "https://artifactory-content.stripe.build/artifactory/api/npm/npm/vary/-/vary-1.1.2.tgz#2299f02c6ded30d4a5961b0b9f74524a18f634fc"
  integrity sha1-IpnwLG3tMNSllhsLn3RSShj2NPw=
