# THIS IS AN AUTOGENERATED FILE. DO NOT EDIT THIS FILE DIRECTLY.
# yarn lockfile v1


"@sendgrid/client@^7.6.0":
  version "7.6.0"
  resolved "https://artifactory-content.stripe.build/artifactory/api/npm/npm/@sendgrid/client/-/client-7.6.0.tgz#f90cb8759c96e1d90224f29ad98f8fdc2be287f3"
  integrity sha512-cpBVZKLlMTO+vpE18krTixubYmZa98oTbLkqBDuTiA3zRkW+urrxg7pDR24TkI35Mid0Zru8jDHwnOiqrXu0TA==
  dependencies:
    "@sendgrid/helpers" "^7.6.0"
    axios "^0.21.4"

"@sendgrid/helpers@^7.6.0":
  version "7.6.0"
  resolved "https://artifactory-content.stripe.build/artifactory/api/npm/npm/@sendgrid/helpers/-/helpers-7.6.0.tgz#b381bfab391bcd66c771811b22bb6bb2d5c1dfc6"
  integrity sha512-0uWD+HSXLl4Z/X3cN+UMQC20RE7xwAACgppnfjDyvKG0KvJcUgDGz7HDdQkiMUdcVWfmyk6zKSg7XKfKzBjTwA==
  dependencies:
    deepmerge "^4.2.2"

"@sendgrid/mail@^7.6.0":
  version "7.6.0"
  resolved "https://artifactory-content.stripe.build/artifactory/api/npm/npm/@sendgrid/mail/-/mail-7.6.0.tgz#e74ee30110527feab5d3b83d68af0cd94537f6d2"
  integrity sha512-0KdaSZzflJD/vUAZjB3ALBIuaVGoLq22hrb2fvQXZHRepU/yhRNlEOqrr05MfKBnKskzq1blnD1J0fHxiwaolw==
  dependencies:
    "@sendgrid/client" "^7.6.0"
    "@sendgrid/helpers" "^7.6.0"

axios@^0.21.4:
  version "0.21.4"
  resolved "https://artifactory-content.stripe.build/artifactory/api/npm/npm/axios/-/axios-0.21.4.tgz#c67b90dc0568e5c1cf2b0b858c43ba28e2eda575"
  integrity sha512-ut5vewkiu8jjGBdqpM44XxjuCjq9LAKeHVmoVfHVzy8eHgxxq8SbAVQNovDA8mVi05kP0Ea/n/UzcSHcTJQfNg==
  dependencies:
    follow-redirects "^1.14.0"

deepmerge@^4.2.2:
  version "4.2.2"
  resolved "https://artifactory-content.stripe.build/artifactory/api/npm/npm/deepmerge/-/deepmerge-4.2.2.tgz#44d2ea3679b8f4d4ffba33f03d865fc1e7bf4955"
  integrity sha512-FJ3UgI4gIl+PHZm53knsuSFpE+nESMr7M4v9QcgB7S63Kj/6WqMiFQJpBBYz1Pt+66bZpP3Q7Lye0Oo9MPKEdg==

dotenv@^10.0.0:
  version "10.0.0"
  resolved "https://artifactory-content.stripe.build/artifactory/api/npm/npm/dotenv/-/dotenv-10.0.0.tgz#3d4227b8fb95f81096cdd2b66653fb2c7085ba81"
  integrity sha512-rlBi9d8jpv9Sf1klPjNfFAuWDjKLwTIJJ/VxtoTwIR6hnZxcEOQCZg2oIL3MWBYw5GpUDKOEnND7LXTbIpQ03Q==

follow-redirects@^1.14.0:
  version "1.14.7"
  resolved "https://artifactory-content.stripe.build/artifactory/api/npm/npm/follow-redirects/-/follow-redirects-1.14.7.tgz#2004c02eb9436eee9a21446a6477debf17e81685"
  integrity sha512-+hbxoLbFMbRKDwohX8GkTataGqO6Jb7jGwpAlwgy2bIz25XtRm7KEzJM76R1WiNT5SwZkX4Y75SwBolkpmE7iQ==
