# THIS IS AN AUTOGENERATED FILE. DO NOT EDIT THIS FILE DIRECTLY.
# yarn lockfile v1


"@jest/types@^26.6.2":
  version "26.6.2"
  resolved "https://registry.yarnpkg.com/@jest/types/-/types-26.6.2.tgz#bef5a532030e1d88a2f5a6d933f84e97226ed48e"
  integrity sha512-fC6QCp7Sc5sX6g8Tvbmj4XUTbyrik0akgRy03yjXbQaBWWNWGE7SGtJk98m0N8nzegD/7SggrUlivxo5ax4KWQ==
  dependencies:
    "@types/istanbul-lib-coverage" "^2.0.0"
    "@types/istanbul-reports" "^3.0.0"
    "@types/node" "*"
    "@types/yargs" "^15.0.0"
    chalk "^4.0.0"

"@remote-ui/async-subscription@^2.1.8":
  version "2.1.8"
  resolved "https://registry.yarnpkg.com/@remote-ui/async-subscription/-/async-subscription-2.1.8.tgz#c5852180ec5a909ca74eb4d064c995cfa516d40a"
  integrity sha512-prrHLURIqJQKDMDHn404u4uywYXBm4oz7ke43OLQx5e/dvM0Io72KHJUx3ZwoYNCTS9q9M+wICHS6g9S2d8d3g==
  dependencies:
    "@remote-ui/rpc" "^1.2.6"

"@remote-ui/core@^2.1.7":
  version "2.1.7"
  resolved "https://registry.yarnpkg.com/@remote-ui/core/-/core-2.1.7.tgz#5936810a18225f6cef586ec8baf3b1bd00459006"
  integrity sha512-urcIKnhGLwTn/fE0RyKqvYAxxDDBj46ANHT0zNooIHLeOMxKafAvrWZcdItxYKH6k51lR1/wmbOPKwG0lzm7Qg==
  dependencies:
    "@remote-ui/rpc" "^1.2.6"
    "@remote-ui/types" "^1.1.2"

"@remote-ui/react@^4.4.2":
  version "4.4.3"
  resolved "https://registry.yarnpkg.com/@remote-ui/react/-/react-4.4.3.tgz#9eea2f9dfec605eff3f5d27f30ecca4efbadd444"
  integrity sha512-dvs+lnAleBp3LesNRtYARVPmC7jQ3Pn9X+dtiInL7280Lwbzq/GbiDLHvAaO6wm980bcC/y1M/8LUfZBVdbqsw==
  dependencies:
    "@remote-ui/async-subscription" "^2.1.8"
    "@remote-ui/core" "^2.1.7"
    "@remote-ui/rpc" "^1.2.6"
    "@types/react" ">=17.0.0 <18.0.0"
    "@types/react-reconciler" "^0.26.0"
    react-reconciler ">=0.26.0 <1.0.0"

"@remote-ui/rpc@^1.2.6":
  version "1.2.6"
  resolved "https://registry.yarnpkg.com/@remote-ui/rpc/-/rpc-1.2.6.tgz#33ebfd97f5d5ab16b000bacbe392d96738b3d693"
  integrity sha512-KdfDEnQEJmlNh8gbcPMG5Ldae94rsRytDqeuFUVsviQQ2CDui3RygN64iZlw8bVqbKiRpJ66hlVfpHkY6NbEDg==

"@remote-ui/testing@^1.3.6":
  version "1.3.7"
  resolved "https://registry.yarnpkg.com/@remote-ui/testing/-/testing-1.3.7.tgz#7015a71c0350f3f54b6466d78a796e123cd766a6"
  integrity sha512-XeptYnvUTzLf8rq9XysvyJlFBAp4QO9MvL53dhCymrTUxqNC14On79NItwAoeTEPCoXMG32LjoISs6jO3EyqCQ==
  dependencies:
    "@remote-ui/core" "^2.1.7"
    jest-matcher-utils "^26.0.1"

"@remote-ui/types@^1.1.2":
  version "1.1.2"
  resolved "https://registry.yarnpkg.com/@remote-ui/types/-/types-1.1.2.tgz#ae9219a56bb4bb6ff5aabfacb29a1e71adbd97d4"
  integrity sha512-F2u6McqvHj2c89FHeozQ0O8qbqhOFMMNYR2HqF33mHCMNTEXzUVheCj7laNO1/dGNXwcJHpoWIBNwfChbEfVyA==

"@stripe/ui-extension-sdk@^3.2.0":
  version "3.2.0"
  resolved "https://registry.yarnpkg.com/@stripe/ui-extension-sdk/-/ui-extension-sdk-3.2.0.tgz#e9803eb81d46b531009108e931fc4226120e6131"
  integrity sha512-+htxPMsmUsrMCFudzc9UxO6J9rxcDJzaKKtNCjLsPKto8hv1RY4YQYLRtau+YvMjyJvBwh1+Xe+zQk5/AAJP0w==
  dependencies:
    "@remote-ui/react" "^4.4.2"
    "@remote-ui/testing" "^1.3.6"
    "@types/stylis" "^4.0.2"
    invariant "^2.2.4"
    react "^17.0.2"
    stripe "^8.174.0"

"@types/istanbul-lib-coverage@*", "@types/istanbul-lib-coverage@^2.0.0":
  version "2.0.4"
  resolved "https://registry.yarnpkg.com/@types/istanbul-lib-coverage/-/istanbul-lib-coverage-2.0.4.tgz#8467d4b3c087805d63580480890791277ce35c44"
  integrity sha512-z/QT1XN4K4KYuslS23k62yDIDLwLFkzxOuMplDtObz0+y7VqJCaO2o+SPwHCvLFZh7xazvvoor2tA/hPz9ee7g==

"@types/istanbul-lib-report@*":
  version "3.0.0"
  resolved "https://registry.yarnpkg.com/@types/istanbul-lib-report/-/istanbul-lib-report-3.0.0.tgz#c14c24f18ea8190c118ee7562b7ff99a36552686"
  integrity sha512-plGgXAPfVKFoYfa9NpYDAkseG+g6Jr294RqeqcqDixSbU34MZVJRi/P+7Y8GDpzkEwLaGZZOpKIEmeVZNtKsrg==
  dependencies:
    "@types/istanbul-lib-coverage" "*"

"@types/istanbul-reports@^3.0.0":
  version "3.0.1"
  resolved "https://registry.yarnpkg.com/@types/istanbul-reports/-/istanbul-reports-3.0.1.tgz#9153fe98bba2bd565a63add9436d6f0d7f8468ff"
  integrity sha512-c3mAZEuK0lvBp8tmuL74XRKn1+y2dcwOUpH7x4WrF6gk1GIgiluDRgMYQtw2OFcBvAJWlt6ASU3tSqxp0Uu0Aw==
  dependencies:
    "@types/istanbul-lib-report" "*"

"@types/node@*":
  version "17.0.21"
  resolved "https://registry.yarnpkg.com/@types/node/-/node-17.0.21.tgz#864b987c0c68d07b4345845c3e63b75edd143644"
  integrity sha512-DBZCJbhII3r90XbQxI8Y9IjjiiOGlZ0Hr32omXIZvwwZ7p4DMMXGrKXVyPfuoBOri9XNtL0UK69jYIBIsRX3QQ==

"@types/node@>=8.1.0":
  version "16.9.1"
  resolved "https://artifactory-content.stripe.build/artifactory/api/npm/npm/@types/node/-/node-16.9.1.tgz#0611b37db4246c937feef529ddcc018cf8e35708"
  integrity sha512-QpLcX9ZSsq3YYUUnD3nFDY8H7wctAhQj/TFKL8Ya8v5fMm3CFXxo8zStsLAl780ltoYoo1WvKUVGBQK+1ifr7g==

"@types/prop-types@*":
  version "15.7.4"
  resolved "https://artifactory-content.stripe.build/artifactory/api/npm/npm/@types/prop-types/-/prop-types-15.7.4.tgz#fcf7205c25dff795ee79af1e30da2c9790808f11"
  integrity sha512-rZ5drC/jWjrArrS8BR6SIr4cWpW09RNTYt9AMZo3Jwwif+iacXAqgVjm0B0Bv/S1jhDXKHqRVNCbACkJ89RAnQ==

"@types/react-reconciler@^0.26.0":
  version "0.26.3"
  resolved "https://artifactory-content.stripe.build/artifactory/api/npm/npm/@types/react-reconciler/-/react-reconciler-0.26.3.tgz#7dfc36262a9084fb39d0308dbff92490b2e95d88"
  integrity sha512-9U6oMpB9pzurW4oqqLVVArPa8OcfnYZV56/O5ktsyxhJc79ijmJjoa5r5JuElRKWCVHM5xW7rIDXf/7AzVp1ow==
  dependencies:
    "@types/react" "*"

"@types/react@*":
  version "16.14.15"
  resolved "https://artifactory-content.stripe.build/artifactory/api/npm/npm/@types/react/-/react-16.14.15.tgz#95d8fa3148050e94bcdc5751447921adbe19f9e6"
  integrity sha512-jOxlBV9RGZhphdeqJTCv35VZOkjY+XIEY2owwSk84BNDdDv2xS6Csj6fhi+B/q30SR9Tz8lDNt/F2Z5RF3TrRg==
  dependencies:
    "@types/prop-types" "*"
    "@types/scheduler" "*"
    csstype "^3.0.2"

"@types/react@>=17.0.0 <18.0.0":
  version "17.0.20"
  resolved "https://artifactory-content.stripe.build/artifactory/api/npm/npm/@types/react/-/react-17.0.20.tgz#a4284b184d47975c71658cd69e759b6bd37c3b8c"
  integrity sha512-wWZrPlihslrPpcKyCSlmIlruakxr57/buQN1RjlIeaaTWDLtJkTtRW429MoQJergvVKc4IWBpRhWw7YNh/7GVA==
  dependencies:
    "@types/prop-types" "*"
    "@types/scheduler" "*"
    csstype "^3.0.2"

"@types/scheduler@*":
  version "0.16.2"
  resolved "https://artifactory-content.stripe.build/artifactory/api/npm/npm/@types/scheduler/-/scheduler-0.16.2.tgz#1a62f89525723dde24ba1b01b092bf5df8ad4d39"
  integrity sha512-hppQEBDmlwhFAXKJX2KnWLYu5yMfi91yazPb2l+lbJiwW+wdo1gNeRA+3RgNSO39WYX2euey41KEwnqesU2Jew==

"@types/stylis@^4.0.2":
  version "4.0.2"
  resolved "https://registry.yarnpkg.com/@types/stylis/-/stylis-4.0.2.tgz#311c62d68a23dfb01462d54b04549484a4c5cb2a"
  integrity sha512-wtckGuk1eXUlUz0Qb1eXHG37Z7HWT2GfMdqRf8F/ifddTwadSS9Jwsqi4qtXk7cP7MtoyGVIHPElFCLc6HItbg==

"@types/yargs-parser@*":
  version "20.2.1"
  resolved "https://registry.yarnpkg.com/@types/yargs-parser/-/yargs-parser-20.2.1.tgz#3b9ce2489919d9e4fea439b76916abc34b2df129"
  integrity sha512-7tFImggNeNBVMsn0vLrpn1H1uPrUBdnARPTpZoitY37ZrdJREzf7I16tMrlK3hen349gr1NYh8CmZQa7CTG6Aw==

"@types/yargs@^15.0.0":
  version "15.0.14"
  resolved "https://registry.yarnpkg.com/@types/yargs/-/yargs-15.0.14.tgz#26d821ddb89e70492160b66d10a0eb6df8f6fb06"
  integrity sha512-yEJzHoxf6SyQGhBhIYGXQDSCkJjB6HohDShto7m8vaKg9Yp0Yn8+71J9eakh2bnPg6BfsH9PRMhiRTZnd4eXGQ==
  dependencies:
    "@types/yargs-parser" "*"

ansi-regex@^5.0.0:
  version "5.0.1"
  resolved "https://registry.yarnpkg.com/ansi-regex/-/ansi-regex-5.0.1.tgz#082cb2c89c9fe8659a311a53bd6a4dc5301db304"
  integrity sha512-quJQXlTSUGL2LH9SUXo8VwsY4soanhgo6LNSm84E1LBcE8s3O0wpdiRzyR9z/ZZJMlMWv37qOOb9pdJlMUEKFQ==

ansi-styles@^4.0.0, ansi-styles@^4.1.0:
  version "4.3.0"
  resolved "https://registry.yarnpkg.com/ansi-styles/-/ansi-styles-4.3.0.tgz#edd803628ae71c04c85ae7a0906edad34b648937"
  integrity sha512-zbB9rCJAT1rbjiVDb2hqKFHNYLxgtk8NURxZ3IZwD3F6NtxbXZQCnnSi1Lkx+IDohdPlFp222wVALIheZJQSEg==
  dependencies:
    color-convert "^2.0.1"

call-bind@^1.0.0:
  version "1.0.2"
  resolved "https://artifactory-content.stripe.build/artifactory/api/npm/npm/call-bind/-/call-bind-1.0.2.tgz#b1d4e89e688119c3c9a903ad30abb2f6a919be3c"
  integrity sha512-7O+FbCihrB5WGbFYesctwmTKae6rOiIzmz1icreWJ+0aA7LJfuqhEso2T9ncpcFtzMQtzXf2QGGueWJGTYsqrA==
  dependencies:
    function-bind "^1.1.1"
    get-intrinsic "^1.0.2"

chalk@^4.0.0:
  version "4.1.2"
  resolved "https://registry.yarnpkg.com/chalk/-/chalk-4.1.2.tgz#aac4e2b7734a740867aeb16bf02aad556a1e7a01"
  integrity sha512-oKnbhFyRIXpUuez8iBMmyEa4nbj4IOQyuhc/wy9kY7/WVPcwIO9VA668Pu8RkO7+0G76SLROeyw9CpQ061i4mA==
  dependencies:
    ansi-styles "^4.1.0"
    supports-color "^7.1.0"

color-convert@^2.0.1:
  version "2.0.1"
  resolved "https://registry.yarnpkg.com/color-convert/-/color-convert-2.0.1.tgz#72d3a68d598c9bdb3af2ad1e84f21d896abd4de3"
  integrity sha512-RRECPsj7iu/xb5oKYcsFHSppFNnsj/52OVTRKb4zP5onXwVF3zVmmToNcOfGC+CRDpfK/U584fMg38ZHCaElKQ==
  dependencies:
    color-name "~1.1.4"

color-name@~1.1.4:
  version "1.1.4"
  resolved "https://registry.yarnpkg.com/color-name/-/color-name-1.1.4.tgz#c2a09a87acbde69543de6f63fa3995c826c536a2"
  integrity sha512-dOy+3AuW3a2wNbZHIuMZpTcgjGuLU/uBL/ubcZF9OXbDo8ff4O8yVp5Bf0efS8uEoYo5q4Fx7dY9OgQGXgAsQA==

csstype@^3.0.2:
  version "3.0.8"
  resolved "https://artifactory-content.stripe.build/artifactory/api/npm/npm/csstype/-/csstype-3.0.8.tgz#d2266a792729fb227cd216fb572f43728e1ad340"
  integrity sha512-jXKhWqXPmlUeoQnF/EhTtTl4C9SnrxSH/jZUih3jmO6lBKr99rP3/+FmrMj4EFpOXzMtXHAZkd3x0E6h6Fgflw==

diff-sequences@^26.6.2:
  version "26.6.2"
  resolved "https://registry.yarnpkg.com/diff-sequences/-/diff-sequences-26.6.2.tgz#48ba99157de1923412eed41db6b6d4aa9ca7c0b1"
  integrity sha512-Mv/TDa3nZ9sbc5soK+OoA74BsS3mL37yixCvUAQkiuA4Wz6YtwP/K47n2rv2ovzHZvoiQeA5FTQOschKkEwB0Q==

function-bind@^1.1.1:
  version "1.1.1"
  resolved "https://artifactory-content.stripe.build/artifactory/api/npm/npm/function-bind/-/function-bind-1.1.1.tgz#a56899d3ea3c9bab874bb9773b7c5ede92f4895d"
  integrity sha512-yIovAzMX49sF8Yl58fSCWJ5svSLuaibPxXQJFLmBObTuCr0Mf1KiPopGM9NiFjiYBCbfaa2Fh6breQ6ANVTI0A==

get-intrinsic@^1.0.2:
  version "1.1.1"
  resolved "https://artifactory-content.stripe.build/artifactory/api/npm/npm/get-intrinsic/-/get-intrinsic-1.1.1.tgz#15f59f376f855c446963948f0d24cd3637b4abc6"
  integrity sha512-kWZrnVM42QCiEA2Ig1bG8zjoIMOgxWwYCEeNdwY6Tv/cOSeGpcoX4pXHfKUxNKVoArnrEr2e9srnAxxGIraS9Q==
  dependencies:
    function-bind "^1.1.1"
    has "^1.0.3"
    has-symbols "^1.0.1"

has-flag@^4.0.0:
  version "4.0.0"
  resolved "https://registry.yarnpkg.com/has-flag/-/has-flag-4.0.0.tgz#944771fd9c81c81265c4d6941860da06bb59479b"
  integrity sha512-EykJT/Q1KjTWctppgIAgfSO0tKVuZUjhgMr17kqTumMl6Afv3EISleU7qZUzoXDFTAHTDC4NOoG/ZxU3EvlMPQ==

has-symbols@^1.0.1:
  version "1.0.2"
  resolved "https://artifactory-content.stripe.build/artifactory/api/npm/npm/has-symbols/-/has-symbols-1.0.2.tgz#165d3070c00309752a1236a479331e3ac56f1423"
  integrity sha512-chXa79rL/UC2KlX17jo3vRGz0azaWEx5tGqZg5pO3NUyEJVB17dMruQlzCCOfUvElghKcm5194+BCRvi2Rv/Gw==

has@^1.0.3:
  version "1.0.3"
  resolved "https://artifactory-content.stripe.build/artifactory/api/npm/npm/has/-/has-1.0.3.tgz#722d7cbfc1f6aa8241f16dd814e011e1f41e8796"
  integrity sha512-f2dvO0VU6Oej7RkWJGrehjbzMAjFp5/VKPp5tTpWIV4JHHZK1/BxbFRtf/siA2SWTe09caDmVtYYzWEIbBS4zw==
  dependencies:
    function-bind "^1.1.1"

invariant@^2.2.4:
  version "2.2.4"
  resolved "https://artifactory-content.stripe.build/artifactory/api/npm/npm/invariant/-/invariant-2.2.4.tgz#610f3c92c9359ce1db616e538008d23ff35158e6"
  integrity sha512-phJfQVBuaJM5raOpJjSfkiD6BpbCE4Ns//LaXl6wGYtUBY83nWS6Rf9tXm2e8VaK60JEjYldbPif/A2B1C2gNA==
  dependencies:
    loose-envify "^1.0.0"

jest-diff@^26.6.2:
  version "26.6.2"
  resolved "https://registry.yarnpkg.com/jest-diff/-/jest-diff-26.6.2.tgz#1aa7468b52c3a68d7d5c5fdcdfcd5e49bd164394"
  integrity sha512-6m+9Z3Gv9wN0WFVasqjCL/06+EFCMTqDEUl/b87HYK2rAPTyfz4ZIuSlPhY51PIQRWx5TaxeF1qmXKe9gfN3sA==
  dependencies:
    chalk "^4.0.0"
    diff-sequences "^26.6.2"
    jest-get-type "^26.3.0"
    pretty-format "^26.6.2"

jest-get-type@^26.3.0:
  version "26.3.0"
  resolved "https://registry.yarnpkg.com/jest-get-type/-/jest-get-type-26.3.0.tgz#e97dc3c3f53c2b406ca7afaed4493b1d099199e0"
  integrity sha512-TpfaviN1R2pQWkIihlfEanwOXK0zcxrKEE4MlU6Tn7keoXdN6/3gK/xl0yEh8DOunn5pOVGKf8hB4R9gVh04ig==

jest-matcher-utils@^26.0.1:
  version "26.6.2"
  resolved "https://registry.yarnpkg.com/jest-matcher-utils/-/jest-matcher-utils-26.6.2.tgz#8e6fd6e863c8b2d31ac6472eeb237bc595e53e7a"
  integrity sha512-llnc8vQgYcNqDrqRDXWwMr9i7rS5XFiCwvh6DTP7Jqa2mqpcCBBlpCbn+trkG0KNhPu/h8rzyBkriOtBstvWhw==
  dependencies:
    chalk "^4.0.0"
    jest-diff "^26.6.2"
    jest-get-type "^26.3.0"
    pretty-format "^26.6.2"

"js-tokens@^3.0.0 || ^4.0.0":
  version "4.0.0"
  resolved "https://artifactory-content.stripe.build/artifactory/api/npm/npm/js-tokens/-/js-tokens-4.0.0.tgz#19203fb59991df98e3a287050d4647cdeaf32499"
  integrity sha512-RdJUflcE3cUzKiMqQgsCu06FPu9UdIJO0beYbPhHN4k6apgJtifcoCtT9bcxOpYBtpD2kCM6Sbzg4CausW/PKQ==

loose-envify@^1.0.0, loose-envify@^1.1.0:
  version "1.4.0"
  resolved "https://artifactory-content.stripe.build/artifactory/api/npm/npm/loose-envify/-/loose-envify-1.4.0.tgz#71ee51fa7be4caec1a63839f7e682d8132d30caf"
  integrity sha512-lyuxPGr/Wfhrlem2CL/UcnUc1zcqKAImBDzukY7Y5F/yQiNdko6+fRLevlw1HgMySw7f611UIY408EtxRSoK3Q==
  dependencies:
    js-tokens "^3.0.0 || ^4.0.0"

object-assign@^4.1.1:
  version "4.1.1"
  resolved "https://artifactory-content.stripe.build/artifactory/api/npm/npm/object-assign/-/object-assign-4.1.1.tgz#2109adc7965887cfc05cbbd442cac8bfbb360863"
  integrity sha1-IQmtx5ZYh8/AXLvUQsrIv7s2CGM=

object-inspect@^1.9.0:
  version "1.11.0"
  resolved "https://artifactory-content.stripe.build/artifactory/api/npm/npm/object-inspect/-/object-inspect-1.11.0.tgz#9dceb146cedd4148a0d9e51ab88d34cf509922b1"
  integrity sha512-jp7ikS6Sd3GxQfZJPyH3cjcbJF6GZPClgdV+EFygjFLQ5FmW/dRUnTd9PQ9k0JhoNDabWFbpF1yCdSWCC6gexg==

pretty-format@^26.6.2:
  version "26.6.2"
  resolved "https://registry.yarnpkg.com/pretty-format/-/pretty-format-26.6.2.tgz#e35c2705f14cb7fe2fe94fa078345b444120fc93"
  integrity sha512-7AeGuCYNGmycyQbCqd/3PWH4eOoX/OiCa0uphp57NVTeAGdJGaAliecxwBDHYQCIvrW7aDBZCYeNTP/WX69mkg==
  dependencies:
    "@jest/types" "^26.6.2"
    ansi-regex "^5.0.0"
    ansi-styles "^4.0.0"
    react-is "^17.0.1"

qs@^6.6.0:
  version "6.10.1"
  resolved "https://artifactory-content.stripe.build/artifactory/api/npm/npm/qs/-/qs-6.10.1.tgz#4931482fa8d647a5aab799c5271d2133b981fb6a"
  integrity sha512-M528Hph6wsSVOBiYUnGf+K/7w0hNshs/duGsNXPUCLH5XAqjEtiPGwNONLV0tBH8NoGb0mvD5JubnUTrujKDTg==
  dependencies:
    side-channel "^1.0.4"

react-is@^17.0.1:
  version "17.0.2"
  resolved "https://registry.yarnpkg.com/react-is/-/react-is-17.0.2.tgz#e691d4a8e9c789365655539ab372762b0efb54f0"
  integrity sha512-w2GsyukL62IJnlaff/nRegPQR94C/XXamvMWmSHRJ4y7Ts/4ocGRmTHvOs8PSE6pB3dWOrD/nueuU5sduBsQ4w==

"react-reconciler@>=0.26.0 <1.0.0":
  version "0.26.2"
  resolved "https://artifactory-content.stripe.build/artifactory/api/npm/npm/react-reconciler/-/react-reconciler-0.26.2.tgz#bbad0e2d1309423f76cf3c3309ac6c96e05e9d91"
  integrity sha512-nK6kgY28HwrMNwDnMui3dvm3rCFjZrcGiuwLc5COUipBK5hWHLOxMJhSnSomirqWwjPBJKV1QcbkI0VJr7Gl1Q==
  dependencies:
    loose-envify "^1.1.0"
    object-assign "^4.1.1"
    scheduler "^0.20.2"

react@^17.0.2:
  version "17.0.2"
  resolved "https://artifactory-content.stripe.build/artifactory/api/npm/npm/react/-/react-17.0.2.tgz#d0b5cc516d29eb3eee383f75b62864cfb6800037"
  integrity sha512-gnhPt75i/dq/z3/6q/0asP78D0u592D5L1pd7M8P+dck6Fu/jJeL6iVVK23fptSUZj8Vjf++7wXA8UNclGQcbA==
  dependencies:
    loose-envify "^1.1.0"
    object-assign "^4.1.1"

scheduler@^0.20.2:
  version "0.20.2"
  resolved "https://artifactory-content.stripe.build/artifactory/api/npm/npm/scheduler/-/scheduler-0.20.2.tgz#4baee39436e34aa93b4874bddcbf0fe8b8b50e91"
  integrity sha512-2eWfGgAqqWFGqtdMmcL5zCMK1U8KlXv8SQFGglL3CEtd0aDVDWgeF/YoCmvln55m5zSk3J/20hTaSBeSObsQDQ==
  dependencies:
    loose-envify "^1.1.0"
    object-assign "^4.1.1"

side-channel@^1.0.4:
  version "1.0.4"
  resolved "https://artifactory-content.stripe.build/artifactory/api/npm/npm/side-channel/-/side-channel-1.0.4.tgz#efce5c8fdc104ee751b25c58d4290011fa5ea2cf"
  integrity sha512-q5XPytqFEIKHkGdiMIrY10mvLRvnQh42/+GoBlFW3b2LXLE2xxJpZFdm94we0BaoV3RwJyGqg5wS7epxTv0Zvw==
  dependencies:
    call-bind "^1.0.0"
    get-intrinsic "^1.0.2"
    object-inspect "^1.9.0"

stripe@^8.174.0:
  version "8.176.0"
  resolved "https://artifactory-content.stripe.build/artifactory/api/npm/npm/stripe/-/stripe-8.176.0.tgz#2f4980ab49acbfe6d67ecaddd54c05e20de9532c"
  integrity sha512-0KCDo8TWFgeNWU7cPaqdjO2u2OSth0cmWYZmA7xsuxRCk7/lgWbJ/UbeSphx74cCIjFCmGuzDoNuNxqon9lEbg==
  dependencies:
    "@types/node" ">=8.1.0"
    qs "^6.6.0"

stripe@^8.194.0:
  version "8.194.0"
  resolved "https://registry.yarnpkg.com/stripe/-/stripe-8.194.0.tgz#67fc7a34260f95f9103834a1f0962d27c608cf73"
  integrity sha512-iERByJUNA7sdkfQ3fD1jcrAZqPxCtTmL2EUzvHUVLXyoacDrflkq4ux5KFxYhfCIerrOAhquVj17+sBHn96/Kg==
  dependencies:
    "@types/node" ">=8.1.0"
    qs "^6.6.0"

supports-color@^7.1.0:
  version "7.2.0"
  resolved "https://registry.yarnpkg.com/supports-color/-/supports-color-7.2.0.tgz#1b7dcdcb32b8138801b3e478ba6a51caa89648da"
  integrity sha512-qpCAvRl9stuOHveKsn7HncJRvv501qIacKzQlO/+Lwxc9+0q2wLyv4Dfvt80/DPn2pqOBsJdDiogXGR9+OvwRw==
  dependencies:
    has-flag "^4.0.0"

typescript@^4.5.5:
  version "4.5.5"
  resolved "https://registry.yarnpkg.com/typescript/-/typescript-4.5.5.tgz#d8c953832d28924a9e3d37c73d729c846c5896f3"
  integrity sha512-TCTIul70LyWe6IJWT8QSYeA54WQe8EjQFU4wY52Fasj5UKx88LNYKCgBEHcOMOrFF1rKGbD8v/xcNWVUq9SymA==
